Microsoft Visual Studio Solution File, Format Version 12.00
# Visual Studio Version 17
VisualStudioVersion = 17.12.35410.144
MinimumVisualStudioVersion = 10.0.40219.1
Project("{FAE04EC0-301F-11D3-BF4B-00C04F79EFBC}") = "Session02", "Session02\Session02.csproj", "{F1213377-8305-4C78-B62A-836DADAE7D87}"
EndProject
Project("{FAE04EC0-301F-11D3-BF4B-00C04F79EFBC}") = "Session03", "Session03\Session03.csproj", "{35EFA4C2-D872-4837-8D4E-929CBB2A81FC}"
EndProject
Project("{FAE04EC0-301F-11D3-BF4B-00C04F79EFBC}") = "Session04", "Session04\Session04.csproj", "{C9DFA65B-5193-4B2D-A1F1-9F84C78522DE}"
EndProject
Project("{FAE04EC0-301F-11D3-BF4B-00C04F79EFBC}") = "Session04_01", "Session04_01\Session04_01.csproj", "{C9A6BEA3-ADDE-47C9-916D-D42EEBF358E3}"
EndProject
Project("{FAE04EC0-301F-11D3-BF4B-00C04F79EFBC}") = "Session05", "Session05\Session05.csproj", "{685FC1B4-D3B9-4BD6-B1F2-12DFAE746B8B}"
EndProject
Project("{FAE04EC0-301F-11D3-BF4B-00C04F79EFBC}") = "Session06", "Session06\Session06.csproj", "{909E52D8-C76F-4CA2-822D-C628EA93EB18}"
EndProject
Project("{FAE04EC0-301F-11D3-BF4B-00C04F79EFBC}") = "Session07", "Session07\Session07.csproj", "{9197FCE0-3CA5-4E54-AD4A-8F9FF6315DA2}"
EndProject
Global
	GlobalSection(SolutionConfigurationPlatforms) = preSolution
		Debug|Any CPU = Debug|Any CPU
		Release|Any CPU = Release|Any CPU
	EndGlobalSection
	GlobalSection(ProjectConfigurationPlatforms) = postSolution
		{F1213377-8305-4C78-B62A-836DADAE7D87}.Debug|Any CPU.ActiveCfg = Debug|Any CPU
		{F1213377-8305-4C78-B62A-836DADAE7D87}.Debug|Any CPU.Build.0 = Debug|Any CPU
		{F1213377-8305-4C78-B62A-836DADAE7D87}.Release|Any CPU.ActiveCfg = Release|Any CPU
		{F1213377-8305-4C78-B62A-836DADAE7D87}.Release|Any CPU.Build.0 = Release|Any CPU
		{35EFA4C2-D872-4837-8D4E-929CBB2A81FC}.Debug|Any CPU.ActiveCfg = Debug|Any CPU
		{35EFA4C2-D872-4837-8D4E-929CBB2A81FC}.Debug|Any CPU.Build.0 = Debug|Any CPU
		{35EFA4C2-D872-4837-8D4E-929CBB2A81FC}.Release|Any CPU.ActiveCfg = Release|Any CPU
		{35EFA4C2-D872-4837-8D4E-929CBB2A81FC}.Release|Any CPU.Build.0 = Release|Any CPU
		{C9DFA65B-5193-4B2D-A1F1-9F84C78522DE}.Debug|Any CPU.ActiveCfg = Debug|Any CPU
		{C9DFA65B-5193-4B2D-A1F1-9F84C78522DE}.Debug|Any CPU.Build.0 = Debug|Any CPU
		{C9DFA65B-5193-4B2D-A1F1-9F84C78522DE}.Release|Any CPU.ActiveCfg = Release|Any CPU
		{C9DFA65B-5193-4B2D-A1F1-9F84C78522DE}.Release|Any CPU.Build.0 = Release|Any CPU
		{C9A6BEA3-ADDE-47C9-916D-D42EEBF358E3}.Debug|Any CPU.ActiveCfg = Debug|Any CPU
		{C9A6BEA3-ADDE-47C9-916D-D42EEBF358E3}.Debug|Any CPU.Build.0 = Debug|Any CPU
		{C9A6BEA3-ADDE-47C9-916D-D42EEBF358E3}.Release|Any CPU.ActiveCfg = Release|Any CPU
		{C9A6BEA3-ADDE-47C9-916D-D42EEBF358E3}.Release|Any CPU.Build.0 = Release|Any CPU
		{685FC1B4-D3B9-4BD6-B1F2-12DFAE746B8B}.Debug|Any CPU.ActiveCfg = Debug|Any CPU
		{685FC1B4-D3B9-4BD6-B1F2-12DFAE746B8B}.Debug|Any CPU.Build.0 = Debug|Any CPU
		{685FC1B4-D3B9-4BD6-B1F2-12DFAE746B8B}.Release|Any CPU.ActiveCfg = Release|Any CPU
		{685FC1B4-D3B9-4BD6-B1F2-12DFAE746B8B}.Release|Any CPU.Build.0 = Release|Any CPU
		{909E52D8-C76F-4CA2-822D-C628EA93EB18}.Debug|Any CPU.ActiveCfg = Debug|Any CPU
		{909E52D8-C76F-4CA2-822D-C628EA93EB18}.Debug|Any CPU.Build.0 = Debug|Any CPU
		{909E52D8-C76F-4CA2-822D-C628EA93EB18}.Release|Any CPU.ActiveCfg = Release|Any CPU
		{909E52D8-C76F-4CA2-822D-C628EA93EB18}.Release|Any CPU.Build.0 = Release|Any CPU
		{9197FCE0-3CA5-4E54-AD4A-8F9FF6315DA2}.Debug|Any CPU.ActiveCfg = Debug|Any CPU
		{9197FCE0-3CA5-4E54-AD4A-8F9FF6315DA2}.Debug|Any CPU.Build.0 = Debug|Any CPU
		{9197FCE0-3CA5-4E54-AD4A-8F9FF6315DA2}.Release|Any CPU.ActiveCfg = Release|Any CPU
		{9197FCE0-3CA5-4E54-AD4A-8F9FF6315DA2}.Release|Any CPU.Build.0 = Release|Any CPU
	EndGlobalSection
	GlobalSection(SolutionProperties) = preSolution
		HideSolutionNode = FALSE
	EndGlobalSection
	GlobalSection(ExtensibilityGlobals) = postSolution
		SolutionGuid = {BDA844AF-F901-4599-88A3-DC45D1231BCD}
	EndGlobalSection
EndGlobal
