Microsoft Visual Studio Solution File, Format Version 12.00
# Visual Studio Version 17
VisualStudioVersion = 17.12.35410.144
MinimumVisualStudioVersion = 10.0.40219.1
Project("{FAE04EC0-301F-11D3-BF4B-00C04F79EFBC}") = "Session02", "Session02\Session02.csproj", "{F1213377-8305-4C78-B62A-836DADAE7D87}"
EndProject
Project("{FAE04EC0-301F-11D3-BF4B-00C04F79EFBC}") = "Session03", "Session03\Session03.csproj", "{35EFA4C2-D872-4837-8D4E-929CBB2A81FC}"
EndProject
Project("{FAE04EC0-301F-11D3-BF4B-00C04F79EFBC}") = "Session04", "Session04\Session04.csproj", "{C9DFA65B-5193-4B2D-A1F1-9F84C78522DE}"
EndProject
Project("{FAE04EC0-301F-11D3-BF4B-00C04F79EFBC}") = "Session04_01", "Session04_01\Session04_01.csproj", "{C9A6BEA3-ADDE-47C9-916D-D42EEBF358E3}"
EndProject
Project("{FAE04EC0-301F-11D3-BF4B-00C04F79EFBC}") = "Session05", "Session05\Session05.csproj", "{685FC1B4-D3B9-4BD6-B1F2-12DFAE746B8B}"
EndProject
Project("{FAE04EC0-301F-11D3-BF4B-00C04F79EFBC}") = "Session06", "Session06\Session06.csproj", "{909E52D8-C76F-4CA2-822D-C628EA93EB18}"
EndProject
Project("{FAE04EC0-301F-11D3-BF4B-00C04F79EFBC}") = "Session07", "Session07\Session07.csproj", "{9197FCE0-3CA5-4E54-AD4A-8F9FF6315DA2}"
EndProject
Project("{FAE04EC0-301F-11D3-BF4B-00C04F79EFBC}") = "Session08", "Session08\Session08.csproj", "{0653D6B5-7BE9-4B72-8D3B-752F9B9FC58A}"
EndProject
Project("{2150E333-8FDC-42A3-9474-1A3956D46DE8}") = "Session09", "Session09", "{02EA681E-C7D8-13C7-8484-4AC65E1B71E8}"
EndProject
Project("{FAE04EC0-301F-11D3-BF4B-00C04F79EFBC}") = "API", "Session09\API\API.csproj", "{8FCDDA91-2A3C-8C0E-AA1D-7C2415B46969}"
EndProject
Project("{FAE04EC0-301F-11D3-BF4B-00C04F79EFBC}") = "Application", "Session09\Application\Application.csproj", "{EF7166BC-62A2-8175-29CE-CBE1B38B979D}"
EndProject
Project("{FAE04EC0-301F-11D3-BF4B-00C04F79EFBC}") = "Client", "Session09\Client\Client.csproj", "{82ED2DB2-F47A-D379-6CCE-B94073FB51A5}"
EndProject
Project("{FAE04EC0-301F-11D3-BF4B-00C04F79EFBC}") = "Domain", "Session09\Domain\Domain.csproj", "{5AB976F6-F839-A5B7-2EF5-D0E649F050AB}"
EndProject
Project("{FAE04EC0-301F-11D3-BF4B-00C04F79EFBC}") = "Session11", "Session11\Session11.csproj", "{B1430200-E617-6AF9-417F-6687DC668C2E}"
EndProject
Project("{FAE04EC0-301F-11D3-BF4B-00C04F79EFBC}") = "Session10", "Session10\Session10.csproj", "{8876C8A5-F3DD-4974-A57F-B5FD624AA559}"
EndProject
Global
	GlobalSection(SolutionConfigurationPlatforms) = preSolution
		Debug|Any CPU = Debug|Any CPU
		Release|Any CPU = Release|Any CPU
	EndGlobalSection
	GlobalSection(ProjectConfigurationPlatforms) = postSolution
		{F1213377-8305-4C78-B62A-836DADAE7D87}.Debug|Any CPU.ActiveCfg = Debug|Any CPU
		{F1213377-8305-4C78-B62A-836DADAE7D87}.Debug|Any CPU.Build.0 = Debug|Any CPU
		{F1213377-8305-4C78-B62A-836DADAE7D87}.Release|Any CPU.ActiveCfg = Release|Any CPU
		{F1213377-8305-4C78-B62A-836DADAE7D87}.Release|Any CPU.Build.0 = Release|Any CPU
		{35EFA4C2-D872-4837-8D4E-929CBB2A81FC}.Debug|Any CPU.ActiveCfg = Debug|Any CPU
		{35EFA4C2-D872-4837-8D4E-929CBB2A81FC}.Debug|Any CPU.Build.0 = Debug|Any CPU
		{35EFA4C2-D872-4837-8D4E-929CBB2A81FC}.Release|Any CPU.ActiveCfg = Release|Any CPU
		{35EFA4C2-D872-4837-8D4E-929CBB2A81FC}.Release|Any CPU.Build.0 = Release|Any CPU
		{C9DFA65B-5193-4B2D-A1F1-9F84C78522DE}.Debug|Any CPU.ActiveCfg = Debug|Any CPU
		{C9DFA65B-5193-4B2D-A1F1-9F84C78522DE}.Debug|Any CPU.Build.0 = Debug|Any CPU
		{C9DFA65B-5193-4B2D-A1F1-9F84C78522DE}.Release|Any CPU.ActiveCfg = Release|Any CPU
		{C9DFA65B-5193-4B2D-A1F1-9F84C78522DE}.Release|Any CPU.Build.0 = Release|Any CPU
		{C9A6BEA3-ADDE-47C9-916D-D42EEBF358E3}.Debug|Any CPU.ActiveCfg = Debug|Any CPU
		{C9A6BEA3-ADDE-47C9-916D-D42EEBF358E3}.Debug|Any CPU.Build.0 = Debug|Any CPU
		{C9A6BEA3-ADDE-47C9-916D-D42EEBF358E3}.Release|Any CPU.ActiveCfg = Release|Any CPU
		{C9A6BEA3-ADDE-47C9-916D-D42EEBF358E3}.Release|Any CPU.Build.0 = Release|Any CPU
		{685FC1B4-D3B9-4BD6-B1F2-12DFAE746B8B}.Debug|Any CPU.ActiveCfg = Debug|Any CPU
		{685FC1B4-D3B9-4BD6-B1F2-12DFAE746B8B}.Debug|Any CPU.Build.0 = Debug|Any CPU
		{685FC1B4-D3B9-4BD6-B1F2-12DFAE746B8B}.Release|Any CPU.ActiveCfg = Release|Any CPU
		{685FC1B4-D3B9-4BD6-B1F2-12DFAE746B8B}.Release|Any CPU.Build.0 = Release|Any CPU
		{909E52D8-C76F-4CA2-822D-C628EA93EB18}.Debug|Any CPU.ActiveCfg = Debug|Any CPU
		{909E52D8-C76F-4CA2-822D-C628EA93EB18}.Debug|Any CPU.Build.0 = Debug|Any CPU
		{909E52D8-C76F-4CA2-822D-C628EA93EB18}.Release|Any CPU.ActiveCfg = Release|Any CPU
		{909E52D8-C76F-4CA2-822D-C628EA93EB18}.Release|Any CPU.Build.0 = Release|Any CPU
		{9197FCE0-3CA5-4E54-AD4A-8F9FF6315DA2}.Debug|Any CPU.ActiveCfg = Debug|Any CPU
		{9197FCE0-3CA5-4E54-AD4A-8F9FF6315DA2}.Debug|Any CPU.Build.0 = Debug|Any CPU
		{9197FCE0-3CA5-4E54-AD4A-8F9FF6315DA2}.Release|Any CPU.ActiveCfg = Release|Any CPU
		{9197FCE0-3CA5-4E54-AD4A-8F9FF6315DA2}.Release|Any CPU.Build.0 = Release|Any CPU
		{0653D6B5-7BE9-4B72-8D3B-752F9B9FC58A}.Debug|Any CPU.ActiveCfg = Debug|Any CPU
		{0653D6B5-7BE9-4B72-8D3B-752F9B9FC58A}.Debug|Any CPU.Build.0 = Debug|Any CPU
		{0653D6B5-7BE9-4B72-8D3B-752F9B9FC58A}.Release|Any CPU.ActiveCfg = Release|Any CPU
		{0653D6B5-7BE9-4B72-8D3B-752F9B9FC58A}.Release|Any CPU.Build.0 = Release|Any CPU
		{8FCDDA91-2A3C-8C0E-AA1D-7C2415B46969}.Debug|Any CPU.ActiveCfg = Debug|Any CPU
		{8FCDDA91-2A3C-8C0E-AA1D-7C2415B46969}.Debug|Any CPU.Build.0 = Debug|Any CPU
		{8FCDDA91-2A3C-8C0E-AA1D-7C2415B46969}.Release|Any CPU.ActiveCfg = Release|Any CPU
		{8FCDDA91-2A3C-8C0E-AA1D-7C2415B46969}.Release|Any CPU.Build.0 = Release|Any CPU
		{EF7166BC-62A2-8175-29CE-CBE1B38B979D}.Debug|Any CPU.ActiveCfg = Debug|Any CPU
		{EF7166BC-62A2-8175-29CE-CBE1B38B979D}.Debug|Any CPU.Build.0 = Debug|Any CPU
		{EF7166BC-62A2-8175-29CE-CBE1B38B979D}.Release|Any CPU.ActiveCfg = Release|Any CPU
		{EF7166BC-62A2-8175-29CE-CBE1B38B979D}.Release|Any CPU.Build.0 = Release|Any CPU
		{82ED2DB2-F47A-D379-6CCE-B94073FB51A5}.Debug|Any CPU.ActiveCfg = Debug|Any CPU
		{82ED2DB2-F47A-D379-6CCE-B94073FB51A5}.Debug|Any CPU.Build.0 = Debug|Any CPU
		{82ED2DB2-F47A-D379-6CCE-B94073FB51A5}.Release|Any CPU.ActiveCfg = Release|Any CPU
		{82ED2DB2-F47A-D379-6CCE-B94073FB51A5}.Release|Any CPU.Build.0 = Release|Any CPU
		{5AB976F6-F839-A5B7-2EF5-D0E649F050AB}.Debug|Any CPU.ActiveCfg = Debug|Any CPU
		{5AB976F6-F839-A5B7-2EF5-D0E649F050AB}.Debug|Any CPU.Build.0 = Debug|Any CPU
		{5AB976F6-F839-A5B7-2EF5-D0E649F050AB}.Release|Any CPU.ActiveCfg = Release|Any CPU
		{5AB976F6-F839-A5B7-2EF5-D0E649F050AB}.Release|Any CPU.Build.0 = Release|Any CPU
		{B1430200-E617-6AF9-417F-6687DC668C2E}.Debug|Any CPU.ActiveCfg = Debug|Any CPU
		{B1430200-E617-6AF9-417F-6687DC668C2E}.Debug|Any CPU.Build.0 = Debug|Any CPU
		{B1430200-E617-6AF9-417F-6687DC668C2E}.Release|Any CPU.ActiveCfg = Release|Any CPU
		{B1430200-E617-6AF9-417F-6687DC668C2E}.Release|Any CPU.Build.0 = Release|Any CPU
		{8876C8A5-F3DD-4974-A57F-B5FD624AA559}.Debug|Any CPU.ActiveCfg = Debug|Any CPU
		{8876C8A5-F3DD-4974-A57F-B5FD624AA559}.Debug|Any CPU.Build.0 = Debug|Any CPU
		{8876C8A5-F3DD-4974-A57F-B5FD624AA559}.Release|Any CPU.ActiveCfg = Release|Any CPU
		{8876C8A5-F3DD-4974-A57F-B5FD624AA559}.Release|Any CPU.Build.0 = Release|Any CPU
	EndGlobalSection
	GlobalSection(SolutionProperties) = preSolution
		HideSolutionNode = FALSE
	EndGlobalSection
	GlobalSection(NestedProjects) = preSolution
		{8FCDDA91-2A3C-8C0E-AA1D-7C2415B46969} = {02EA681E-C7D8-13C7-8484-4AC65E1B71E8}
		{EF7166BC-62A2-8175-29CE-CBE1B38B979D} = {02EA681E-C7D8-13C7-8484-4AC65E1B71E8}
		{82ED2DB2-F47A-D379-6CCE-B94073FB51A5} = {02EA681E-C7D8-13C7-8484-4AC65E1B71E8}
		{5AB976F6-F839-A5B7-2EF5-D0E649F050AB} = {02EA681E-C7D8-13C7-8484-4AC65E1B71E8}
	EndGlobalSection
	GlobalSection(ExtensibilityGlobals) = postSolution
		SolutionGuid = {BDA844AF-F901-4599-88A3-DC45D1231BCD}
	EndGlobalSection
EndGlobal
